// !$*UTF8*$!
{
	archiveVersion = 1;
	classes = {
	};
	objectVersion = 50;
	objects = {

/* Begin PBXBuildFile section */
		8C90B61024E5BD2600FCB750 /* AppDelegate.swift in Sources */ = {isa = PBXBuildFile; fileRef = 8C90B60F24E5BD2600FCB750 /* AppDelegate.swift */; };
		8C90B61224E5BD2600FCB750 /* SceneDelegate.swift in Sources */ = {isa = PBXBuildFile; fileRef = 8C90B61124E5BD2600FCB750 /* SceneDelegate.swift */; };
		8C90B61424E5BD2600FCB750 /* ContentView.swift in Sources */ = {isa = PBXBuildFile; fileRef = 8C90B61324E5BD2600FCB750 /* ContentView.swift */; };
		8C90B61624E5BD2800FCB750 /* Assets.xcassets in Resources */ = {isa = PBXBuildFile; fileRef = 8C90B61524E5BD2800FCB750 /* Assets.xcassets */; };
		8C90B61924E5BD2800FCB750 /* Preview Assets.xcassets in Resources */ = {isa = PBXBuildFile; fileRef = 8C90B61824E5BD2800FCB750 /* Preview Assets.xcassets */; };
		8C90B61C24E5BD2800FCB750 /* LaunchScreen.storyboard in Resources */ = {isa = PBXBuildFile; fileRef = 8C90B61A24E5BD2800FCB750 /* LaunchScreen.storyboard */; };
		8C90B62724E5BD2900FCB750 /* TeslaChartsTests.swift in Sources */ = {isa = PBXBuildFile; fileRef = 8C90B62624E5BD2900FCB750 /* TeslaChartsTests.swift */; };
		8C90B63224E5BD2900FCB750 /* TeslaChartsUITests.swift in Sources */ = {isa = PBXBuildFile; fileRef = 8C90B63124E5BD2900FCB750 /* TeslaChartsUITests.swift */; };
/* End PBXBuildFile section */

/* Begin PBXContainerItemProxy section */
		8C90B62324E5BD2900FCB750 /* PBXContainerItemProxy */ = {
			isa = PBXContainerItemProxy;
			containerPortal = 8C90B60424E5BD2600FCB750 /* Project object */;
			proxyType = 1;
			remoteGlobalIDString = 8C90B60B24E5BD2600FCB750;
			remoteInfo = TeslaCharts;
		};
		8C90B62E24E5BD2900FCB750 /* PBXContainerItemProxy */ = {
			isa = PBXContainerItemProxy;
			containerPortal = 8C90B60424E5BD2600FCB750 /* Project object */;
			proxyType = 1;
			remoteGlobalIDString = 8C90B60B24E5BD2600FCB750;
			remoteInfo = TeslaCharts;
		};
/* End PBXContainerItemProxy section */

/* Begin PBXFileReference section */
		8C90B60C24E5BD2600FCB750 /* TeslaCharts.app */ = {isa = PBXFileReference; explicitFileType = wrapper.application; includeInIndex = 0; path = TeslaCharts.app; sourceTree = BUILT_PRODUCTS_DIR; };
		8C90B60F24E5BD2600FCB750 /* AppDelegate.swift */ = {isa = PBXFileReference; lastKnownFileType = sourcecode.swift; path = AppDelegate.swift; sourceTree = "<group>"; };
		8C90B61124E5BD2600FCB750 /* SceneDelegate.swift */ = {isa = PBXFileReference; lastKnownFileType = sourcecode.swift; path = SceneDelegate.swift; sourceTree = "<group>"; };
		8C90B61324E5BD2600FCB750 /* ContentView.swift */ = {isa = PBXFileReference; lastKnownFileType = sourcecode.swift; path = ContentView.swift; sourceTree = "<group>"; };
		8C90B61524E5BD2800FCB750 /* Assets.xcassets */ = {isa = PBXFileReference; lastKnownFileType = folder.assetcatalog; path = Assets.xcassets; sourceTree = "<group>"; };
		8C90B61824E5BD2800FCB750 /* Preview Assets.xcassets */ = {isa = PBXFileReference; lastKnownFileType = folder.assetcatalog; path = "Preview Assets.xcassets"; sourceTree = "<group>"; };
		8C90B61B24E5BD2800FCB750 /* Base */ = {isa = PBXFileReference; lastKnownFileType = file.storyboard; name = Base; path = Base.lproj/LaunchScreen.storyboard; sourceTree = "<group>"; };
		8C90B61D24E5BD2800FCB750 /* Info.plist */ = {isa = PBXFileReference; lastKnownFileType = text.plist.xml; path = Info.plist; sourceTree = "<group>"; };
		8C90B62224E5BD2900FCB750 /* TeslaChartsTests.xctest */ = {isa = PBXFileReference; explicitFileType = wrapper.cfbundle; includeInIndex = 0; path = TeslaChartsTests.xctest; sourceTree = BUILT_PRODUCTS_DIR; };
		8C90B62624E5BD2900FCB750 /* TeslaChartsTests.swift */ = {isa = PBXFileReference; lastKnownFileType = sourcecode.swift; path = TeslaChartsTests.swift; sourceTree = "<group>"; };
		8C90B62824E5BD2900FCB750 /* Info.plist */ = {isa = PBXFileReference; lastKnownFileType = text.plist.xml; path = Info.plist; sourceTree = "<group>"; };
		8C90B62D24E5BD2900FCB750 /* TeslaChartsUITests.xctest */ = {isa = PBXFileReference; explicitFileType = wrapper.cfbundle; includeInIndex = 0; path = TeslaChartsUITests.xctest; sourceTree = BUILT_PRODUCTS_DIR; };
		8C90B63124E5BD2900FCB750 /* TeslaChartsUITests.swift */ = {isa = PBXFileReference; lastKnownFileType = sourcecode.swift; path = TeslaChartsUITests.swift; sourceTree = "<group>"; };
		8C90B63324E5BD2900FCB750 /* Info.plist */ = {isa = PBXFileReference; lastKnownFileType = text.plist.xml; path = Info.plist; sourceTree = "<group>"; };
/* End PBXFileReference section */

/* Begin PBXFrameworksBuildPhase section */
		8C90B60924E5BD2600FCB750 /* Frameworks */ = {
			isa = PBXFrameworksBuildPhase;
			buildActionMask = 2147483647;
			files = (
			);
			runOnlyForDeploymentPostprocessing = 0;
		};
		8C90B61F24E5BD2900FCB750 /* Frameworks */ = {
			isa = PBXFrameworksBuildPhase;
			buildActionMask = 2147483647;
			files = (
			);
			runOnlyForDeploymentPostprocessing = 0;
		};
		8C90B62A24E5BD2900FCB750 /* Frameworks */ = {
			isa = PBXFrameworksBuildPhase;
			buildActionMask = 2147483647;
			files = (
			);
			runOnlyForDeploymentPostprocessing = 0;
		};
/* End PBXFrameworksBuildPhase section */

/* Begin PBXGroup section */
		8C90B60324E5BD2600FCB750 = {
			isa = PBXGroup;
			children = (
				8C90B60E24E5BD2600FCB750 /* TeslaCharts */,
				8C90B62524E5BD2900FCB750 /* TeslaChartsTests */,
				8C90B63024E5BD2900FCB750 /* TeslaChartsUITests */,
				8C90B60D24E5BD2600FCB750 /* Products */,
			);
			sourceTree = "<group>";
		};
		8C90B60D24E5BD2600FCB750 /* Products */ = {
			isa = PBXGroup;
			children = (
				8C90B60C24E5BD2600FCB750 /* TeslaCharts.app */,
				8C90B62224E5BD2900FCB750 /* TeslaChartsTests.xctest */,
				8C90B62D24E5BD2900FCB750 /* TeslaChartsUITests.xctest */,
			);
			name = Products;
			sourceTree = "<group>";
		};
		8C90B60E24E5BD2600FCB750 /* TeslaCharts */ = {
			isa = PBXGroup;
			children = (
				8C90B60F24E5BD2600FCB750 /* AppDelegate.swift */,
				8C90B61124E5BD2600FCB750 /* SceneDelegate.swift */,
				8C90B61324E5BD2600FCB750 /* ContentView.swift */,
				8C90B61524E5BD2800FCB750 /* Assets.xcassets */,
				8C90B61A24E5BD2800FCB750 /* LaunchScreen.storyboard */,
				8C90B61D24E5BD2800FCB750 /* Info.plist */,
				8C90B61724E5BD2800FCB750 /* Preview Content */,
			);
			path = TeslaCharts;
			sourceTree = "<group>";
		};
		8C90B61724E5BD2800FCB750 /* Preview Content */ = {
			isa = PBXGroup;
			children = (
				8C90B61824E5BD2800FCB750 /* Preview Assets.xcassets */,
			);
			path = "Preview Content";
			sourceTree = "<group>";
		};
		8C90B62524E5BD2900FCB750 /* TeslaChartsTests */ = {
			isa = PBXGroup;
			children = (
				8C90B62624E5BD2900FCB750 /* TeslaChartsTests.swift */,
				8C90B62824E5BD2900FCB750 /* Info.plist */,
			);
			path = TeslaChartsTests;
			sourceTree = "<group>";
		};
		8C90B63024E5BD2900FCB750 /* TeslaChartsUITests */ = {
			isa = PBXGroup;
			children = (
				8C90B63124E5BD2900FCB750 /* TeslaChartsUITests.swift */,
				8C90B63324E5BD2900FCB750 /* Info.plist */,
			);
			path = TeslaChartsUITests;
			sourceTree = "<group>";
		};
/* End PBXGroup section */

/* Begin PBXNativeTarget section */
		8C90B60B24E5BD2600FCB750 /* TeslaCharts */ = {
			isa = PBXNativeTarget;
			buildConfigurationList = 8C90B63624E5BD2900FCB750 /* Build configuration list for PBXNativeTarget "TeslaCharts" */;
			buildPhases = (
				8C90B60824E5BD2600FCB750 /* Sources */,
				8C90B60924E5BD2600FCB750 /* Frameworks */,
				8C90B60A24E5BD2600FCB750 /* Resources */,
			);
			buildRules = (
			);
			dependencies = (
			);
			name = TeslaCharts;
			productName = TeslaCharts;
			productReference = 8C90B60C24E5BD2600FCB750 /* TeslaCharts.app */;
			productType = "com.apple.product-type.application";
		};
		8C90B62124E5BD2900FCB750 /* TeslaChartsTests */ = {
			isa = PBXNativeTarget;
			buildConfigurationList = 8C90B63924E5BD2900FCB750 /* Build configuration list for PBXNativeTarget "TeslaChartsTests" */;
			buildPhases = (
				8C90B61E24E5BD2900FCB750 /* Sources */,
				8C90B61F24E5BD2900FCB750 /* Frameworks */,
				8C90B62024E5BD2900FCB750 /* Resources */,
			);
			buildRules = (
			);
			dependencies = (
				8C90B62424E5BD2900FCB750 /* PBXTargetDependency */,
			);
			name = TeslaChartsTests;
			productName = TeslaChartsTests;
			productReference = 8C90B62224E5BD2900FCB750 /* TeslaChartsTests.xctest */;
			productType = "com.apple.product-type.bundle.unit-test";
		};
		8C90B62C24E5BD2900FCB750 /* TeslaChartsUITests */ = {
			isa = PBXNativeTarget;
			buildConfigurationList = 8C90B63C24E5BD2900FCB750 /* Build configuration list for PBXNativeTarget "TeslaChartsUITests" */;
			buildPhases = (
				8C90B62924E5BD2900FCB750 /* Sources */,
				8C90B62A24E5BD2900FCB750 /* Frameworks */,
				8C90B62B24E5BD2900FCB750 /* Resources */,
			);
			buildRules = (
			);
			dependencies = (
				8C90B62F24E5BD2900FCB750 /* PBXTargetDependency */,
			);
			name = TeslaChartsUITests;
			productName = TeslaChartsUITests;
			productReference = 8C90B62D24E5BD2900FCB750 /* TeslaChartsUITests.xctest */;
			productType = "com.apple.product-type.bundle.ui-testing";
		};
/* End PBXNativeTarget section */

/* Begin PBXProject section */
		8C90B60424E5BD2600FCB750 /* Project object */ = {
			isa = PBXProject;
			attributes = {
				LastSwiftUpdateCheck = 1160;
				LastUpgradeCheck = 1160;
				ORGANIZATIONNAME = "Meghdad Abbaszadegan";
				TargetAttributes = {
					8C90B60B24E5BD2600FCB750 = {
						CreatedOnToolsVersion = 11.6;
					};
					8C90B62124E5BD2900FCB750 = {
						CreatedOnToolsVersion = 11.6;
						TestTargetID = 8C90B60B24E5BD2600FCB750;
					};
					8C90B62C24E5BD2900FCB750 = {
						CreatedOnToolsVersion = 11.6;
						TestTargetID = 8C90B60B24E5BD2600FCB750;
					};
				};
			};
			buildConfigurationList = 8C90B60724E5BD2600FCB750 /* Build configuration list for PBXProject "TeslaCharts" */;
			compatibilityVersion = "Xcode 9.3";
			developmentRegion = en;
			hasScannedForEncodings = 0;
			knownRegions = (
				en,
				Base,
			);
			mainGroup = 8C90B60324E5BD2600FCB750;
			productRefGroup = 8C90B60D24E5BD2600FCB750 /* Products */;
			projectDirPath = "";
			projectRoot = "";
			targets = (
				8C90B60B24E5BD2600FCB750 /* TeslaCharts */,
				8C90B62124E5BD2900FCB750 /* TeslaChartsTests */,
				8C90B62C24E5BD2900FCB750 /* TeslaChartsUITests */,
			);
		};
/* End PBXProject section */

/* Begin PBXResourcesBuildPhase section */
		8C90B60A24E5BD2600FCB750 /* Resources */ = {
			isa = PBXResourcesBuildPhase;
			buildActionMask = 2147483647;
			files = (
				8C90B61C24E5BD2800FCB750 /* LaunchScreen.storyboard in Resources */,
				8C90B61924E5BD2800FCB750 /* Preview Assets.xcassets in Resources */,
				8C90B61624E5BD2800FCB750 /* Assets.xcassets in Resources */,
			);
			runOnlyForDeploymentPostprocessing = 0;
		};
		8C90B62024E5BD2900FCB750 /* Resources */ = {
			isa = PBXResourcesBuildPhase;
			buildActionMask = 2147483647;
			files = (
			);
			runOnlyForDeploymentPostprocessing = 0;
		};
		8C90B62B24E5BD2900FCB750 /* Resources */ = {
			isa = PBXResourcesBuildPhase;
			buildActionMask = 2147483647;
			files = (
			);
			runOnlyForDeploymentPostprocessing = 0;
		};
/* End PBXResourcesBuildPhase section */

/* Begin PBXSourcesBuildPhase section */
		8C90B60824E5BD2600FCB750 /* Sources */ = {
			isa = PBXSourcesBuildPhase;
			buildActionMask = 2147483647;
			files = (
				8C90B61024E5BD2600FCB750 /* AppDelegate.swift in Sources */,
				8C90B61224E5BD2600FCB750 /* SceneDelegate.swift in Sources */,
				8C90B61424E5BD2600FCB750 /* ContentView.swift in Sources */,
			);
			runOnlyForDeploymentPostprocessing = 0;
		};
		8C90B61E24E5BD2900FCB750 /* Sources */ = {
			isa = PBXSourcesBuildPhase;
			buildActionMask = 2147483647;
			files = (
				8C90B62724E5BD2900FCB750 /* TeslaChartsTests.swift in Sources */,
			);
			runOnlyForDeploymentPostprocessing = 0;
		};
		8C90B62924E5BD2900FCB750 /* Sources */ = {
			isa = PBXSourcesBuildPhase;
			buildActionMask = 2147483647;
			files = (
				8C90B63224E5BD2900FCB750 /* TeslaChartsUITests.swift in Sources */,
			);
			runOnlyForDeploymentPostprocessing = 0;
		};
/* End PBXSourcesBuildPhase section */

/* Begin PBXTargetDependency section */
		8C90B62424E5BD2900FCB750 /* PBXTargetDependency */ = {
			isa = PBXTargetDependency;
			target = 8C90B60B24E5BD2600FCB750 /* TeslaCharts */;
			targetProxy = 8C90B62324E5BD2900FCB750 /* PBXContainerItemProxy */;
		};
		8C90B62F24E5BD2900FCB750 /* PBXTargetDependency */ = {
			isa = PBXTargetDependency;
			target = 8C90B60B24E5BD2600FCB750 /* TeslaCharts */;
			targetProxy = 8C90B62E24E5BD2900FCB750 /* PBXContainerItemProxy */;
		};
/* End PBXTargetDependency section */

/* Begin PBXVariantGroup section */
		8C90B61A24E5BD2800FCB750 /* LaunchScreen.storyboard */ = {
			isa = PBXVariantGroup;
			children = (
				8C90B61B24E5BD2800FCB750 /* Base */,
			);
			name = LaunchScreen.storyboard;
			sourceTree = "<group>";
		};
/* End PBXVariantGroup section */

/* Begin XCBuildConfiguration section */
		8C90B63424E5BD2900FCB750 /* Debug */ = {
			isa = XCBuildConfiguration;
			buildSettings = {
				ALWAYS_SEARCH_USER_PATHS = NO;
				CLANG_ANALYZER_NONNULL = YES;
				CLANG_ANALYZER_NUMBER_OBJECT_CONVERSION = YES_AGGRESSIVE;
				CLANG_CXX_LANGUAGE_STANDARD = "gnu++14";
				CLANG_CXX_LIBRARY = "libc++";
				CLANG_ENABLE_MODULES = YES;
				CLANG_ENABLE_OBJC_ARC = YES;
				CLANG_ENABLE_OBJC_WEAK = YES;
				CLANG_WARN_BLOCK_CAPTURE_AUTORELEASING = YES;
				CLANG_WARN_BOOL_CONVERSION = YES;
				CLANG_WARN_COMMA = YES;
				CLANG_WARN_CONSTANT_CONVERSION = YES;
				CLANG_WARN_DEPRECATED_OBJC_IMPLEMENTATIONS = YES;
				CLANG_WARN_DIRECT_OBJC_ISA_USAGE = YES_ERROR;
				CLANG_WARN_DOCUMENTATION_COMMENTS = YES;
				CLANG_WARN_EMPTY_BODY = YES;
				CLANG_WARN_ENUM_CONVERSION = YES;
				CLANG_WARN_INFINITE_RECURSION = YES;
				CLANG_WARN_INT_CONVERSION = YES;
				CLANG_WARN_NON_LITERAL_NULL_CONVERSION = YES;
				CLANG_WARN_OBJC_IMPLICIT_RETAIN_SELF = YES;
				CLANG_WARN_OBJC_LITERAL_CONVERSION = YES;
				CLANG_WARN_OBJC_ROOT_CLASS = YES_ERROR;
				CLANG_WARN_RANGE_LOOP_ANALYSIS = YES;
				CLANG_WARN_STRICT_PROTOTYPES = YES;
				CLANG_WARN_SUSPICIOUS_MOVE = YES;
				CLANG_WARN_UNGUARDED_AVAILABILITY = YES_AGGRESSIVE;
				CLANG_WARN_UNREACHABLE_CODE = YES;
				CLANG_WARN__DUPLICATE_METHOD_MATCH = YES;
				COPY_PHASE_STRIP = NO;
				DEBUG_INFORMATION_FORMAT = dwarf;
				ENABLE_STRICT_OBJC_MSGSEND = YES;
				ENABLE_TESTABILITY = YES;
				GCC_C_LANGUAGE_STANDARD = gnu11;
				GCC_DYNAMIC_NO_PIC = NO;
				GCC_NO_COMMON_BLOCKS = YES;
				GCC_OPTIMIZATION_LEVEL = 0;
				GCC_PREPROCESSOR_DEFINITIONS = (
					"DEBUG=1",
					"$(inherited)",
				);
				GCC_WARN_64_TO_32_BIT_CONVERSION = YES;
				GCC_WARN_ABOUT_RETURN_TYPE = YES_ERROR;
				GCC_WARN_UNDECLARED_SELECTOR = YES;
				GCC_WARN_UNINITIALIZED_AUTOS = YES_AGGRESSIVE;
				GCC_WARN_UNUSED_FUNCTION = YES;
				GCC_WARN_UNUSED_VARIABLE = YES;
				IPHONEOS_DEPLOYMENT_TARGET = 13.6;
				MTL_ENABLE_DEBUG_INFO = INCLUDE_SOURCE;
				MTL_FAST_MATH = YES;
				ONLY_ACTIVE_ARCH = YES;
				SDKROOT = iphoneos;
				SWIFT_ACTIVE_COMPILATION_CONDITIONS = DEBUG;
				SWIFT_OPTIMIZATION_LEVEL = "-Onone";
			};
			name = Debug;
		};
		8C90B63524E5BD2900FCB750 /* Release */ = {
			isa = XCBuildConfiguration;
			buildSettings = {
				ALWAYS_SEARCH_USER_PATHS = NO;
				CLANG_ANALYZER_NONNULL = YES;
				CLANG_ANALYZER_NUMBER_OBJECT_CONVERSION = YES_AGGRESSIVE;
				CLANG_CXX_LANGUAGE_STANDARD = "gnu++14";
				CLANG_CXX_LIBRARY = "libc++";
				CLANG_ENABLE_MODULES = YES;
				CLANG_ENABLE_OBJC_ARC = YES;
				CLANG_ENABLE_OBJC_WEAK = YES;
				CLANG_WARN_BLOCK_CAPTURE_AUTORELEASING = YES;
				CLANG_WARN_BOOL_CONVERSION = YES;
				CLANG_WARN_COMMA = YES;
				CLANG_WARN_CONSTANT_CONVERSION = YES;
				CLANG_WARN_DEPRECATED_OBJC_IMPLEMENTATIONS = YES;
				CLANG_WARN_DIRECT_OBJC_ISA_USAGE = YES_ERROR;
				CLANG_WARN_DOCUMENTATION_COMMENTS = YES;
				CLANG_WARN_EMPTY_BODY = YES;
				CLANG_WARN_ENUM_CONVERSION = YES;
				CLANG_WARN_INFINITE_RECURSION = YES;
				CLANG_WARN_INT_CONVERSION = YES;
				CLANG_WARN_NON_LITERAL_NULL_CONVERSION = YES;
				CLANG_WARN_OBJC_IMPLICIT_RETAIN_SELF = YES;
				CLANG_WARN_OBJC_LITERAL_CONVERSION = YES;
				CLANG_WARN_OBJC_ROOT_CLASS = YES_ERROR;
				CLANG_WARN_RANGE_LOOP_ANALYSIS = YES;
				CLANG_WARN_STRICT_PROTOTYPES = YES;
				CLANG_WARN_SUSPICIOUS_MOVE = YES;
				CLANG_WARN_UNGUARDED_AVAILABILITY = YES_AGGRESSIVE;
				CLANG_WARN_UNREACHABLE_CODE = YES;
				CLANG_WARN__DUPLICATE_METHOD_MATCH = YES;
				COPY_PHASE_STRIP = NO;
				DEBUG_INFORMATION_FORMAT = "dwarf-with-dsym";
				ENABLE_NS_ASSERTIONS = NO;
				ENABLE_STRICT_OBJC_MSGSEND = YES;
				GCC_C_LANGUAGE_STANDARD = gnu11;
				GCC_NO_COMMON_BLOCKS = YES;
				GCC_WARN_64_TO_32_BIT_CONVERSION = YES;
				GCC_WARN_ABOUT_RETURN_TYPE = YES_ERROR;
				GCC_WARN_UNDECLARED_SELECTOR = YES;
				GCC_WARN_UNINITIALIZED_AUTOS = YES_AGGRESSIVE;
				GCC_WARN_UNUSED_FUNCTION = YES;
				GCC_WARN_UNUSED_VARIABLE = YES;
				IPHONEOS_DEPLOYMENT_TARGET = 13.6;
				MTL_ENABLE_DEBUG_INFO = NO;
				MTL_FAST_MATH = YES;
				SDKROOT = iphoneos;
				SWIFT_COMPILATION_MODE = wholemodule;
				SWIFT_OPTIMIZATION_LEVEL = "-O";
				VALIDATE_PRODUCT = YES;
			};
			name = Release;
		};
		8C90B63724E5BD2900FCB750 /* Debug */ = {
			isa = XCBuildConfiguration;
			buildSettings = {
				ASSETCATALOG_COMPILER_APPICON_NAME = AppIcon;
				CODE_SIGN_STYLE = Automatic;
				DEVELOPMENT_ASSET_PATHS = "\"TeslaCharts/Preview Content\"";
				DEVELOPMENT_TEAM = 82PFY46469;
				ENABLE_PREVIEWS = YES;
				INFOPLIST_FILE = TeslaCharts/Info.plist;
				LD_RUNPATH_SEARCH_PATHS = (
					"$(inherited)",
					"@executable_path/Frameworks",
				);
				PRODUCT_BUNDLE_IDENTIFIER = co.meghdad.TeslaCharts;
				PRODUCT_NAME = "$(TARGET_NAME)";
				SWIFT_VERSION = 5.0;
				TARGETED_DEVICE_FAMILY = "1,2";
			};
			name = Debug;
		};
		8C90B63824E5BD2900FCB750 /* Release */ = {
			isa = XCBuildConfiguration;
			buildSettings = {
				ASSETCATALOG_COMPILER_APPICON_NAME = AppIcon;
				CODE_SIGN_STYLE = Automatic;
				DEVELOPMENT_ASSET_PATHS = "\"TeslaCharts/Preview Content\"";
				DEVELOPMENT_TEAM = 82PFY46469;
				ENABLE_PREVIEWS = YES;
				INFOPLIST_FILE = TeslaCharts/Info.plist;
				LD_RUNPATH_SEARCH_PATHS = (
					"$(inherited)",
					"@executable_path/Frameworks",
				);
				PRODUCT_BUNDLE_IDENTIFIER = co.meghdad.TeslaCharts;
				PRODUCT_NAME = "$(TARGET_NAME)";
				SWIFT_VERSION = 5.0;
				TARGETED_DEVICE_FAMILY = "1,2";
			};
			name = Release;
		};
		8C90B63A24E5BD2900FCB750 /* Debug */ = {
			isa = XCBuildConfiguration;
			buildSettings = {
				ALWAYS_EMBED_SWIFT_STANDARD_LIBRARIES = YES;
				BUNDLE_LOADER = "$(TEST_HOST)";
				CODE_SIGN_STYLE = Automatic;
				DEVELOPMENT_TEAM = 82PFY46469;
				INFOPLIST_FILE = TeslaChartsTests/Info.plist;
				IPHONEOS_DEPLOYMENT_TARGET = 13.6;
				LD_RUNPATH_SEARCH_PATHS = (
					"$(inherited)",
					"@executable_path/Frameworks",
					"@loader_path/Frameworks",
				);
				PRODUCT_BUNDLE_IDENTIFIER = co.meghdad.TeslaChartsTests;
				PRODUCT_NAME = "$(TARGET_NAME)";
				SWIFT_VERSION = 5.0;
				TARGETED_DEVICE_FAMILY = "1,2";
				TEST_HOST = "$(BUILT_PRODUCTS_DIR)/TeslaCharts.app/TeslaCharts";
			};
			name = Debug;
		};
		8C90B63B24E5BD2900FCB750 /* Release */ = {
			isa = XCBuildConfiguration;
			buildSettings = {
				ALWAYS_EMBED_SWIFT_STANDARD_LIBRARIES = YES;
				BUNDLE_LOADER = "$(TEST_HOST)";
				CODE_SIGN_STYLE = Automatic;
				DEVELOPMENT_TEAM = 82PFY46469;
				INFOPLIST_FILE = TeslaChartsTests/Info.plist;
				IPHONEOS_DEPLOYMENT_TARGET = 13.6;
				LD_RUNPATH_SEARCH_PATHS = (
					"$(inherited)",
					"@executable_path/Frameworks",
					"@loader_path/Frameworks",
				);
				PRODUCT_BUNDLE_IDENTIFIER = co.meghdad.TeslaChartsTests;
				PRODUCT_NAME = "$(TARGET_NAME)";
				SWIFT_VERSION = 5.0;
				TARGETED_DEVICE_FAMILY = "1,2";
				TEST_HOST = "$(BUILT_PRODUCTS_DIR)/TeslaCharts.app/TeslaCharts";
			};
			name = Release;
		};
		8C90B63D24E5BD2900FCB750 /* Debug */ = {
			isa = XCBuildConfiguration;
			buildSettings = {
				ALWAYS_EMBED_SWIFT_STANDARD_LIBRARIES = YES;
				CODE_SIGN_STYLE = Automatic;
				DEVELOPMENT_TEAM = 82PFY46469;
				INFOPLIST_FILE = TeslaChartsUITests/Info.plist;
				LD_RUNPATH_SEARCH_PATHS = (
					"$(inherited)",
					"@executable_path/Frameworks",
					"@loader_path/Frameworks",
				);
				PRODUCT_BUNDLE_IDENTIFIER = co.meghdad.TeslaChartsUITests;
				PRODUCT_NAME = "$(TARGET_NAME)";
				SWIFT_VERSION = 5.0;
				TARGETED_DEVICE_FAMILY = "1,2";
				TEST_TARGET_NAME = TeslaCharts;
			};
			name = Debug;
		};
		8C90B63E24E5BD2900FCB750 /* Release */ = {
			isa = XCBuildConfiguration;
			buildSettings = {
				ALWAYS_EMBED_SWIFT_STANDARD_LIBRARIES = YES;
				CODE_SIGN_STYLE = Automatic;
				DEVELOPMENT_TEAM = 82PFY46469;
				INFOPLIST_FILE = TeslaChartsUITests/Info.plist;
				LD_RUNPATH_SEARCH_PATHS = (
					"$(inherited)",
					"@executable_path/Frameworks",
					"@loader_path/Frameworks",
				);
				PRODUCT_BUNDLE_IDENTIFIER = co.meghdad.TeslaChartsUITests;
				PRODUCT_NAME = "$(TARGET_NAME)";
				SWIFT_VERSION = 5.0;
				TARGETED_DEVICE_FAMILY = "1,2";
				TEST_TARGET_NAME = TeslaCharts;
			};
			name = Release;
		};
/* End XCBuildConfiguration section */

/* Begin XCConfigurationList section */
		8C90B60724E5BD2600FCB750 /* Build configuration list for PBXProject "TeslaCharts" */ = {
			isa = XCConfigurationList;
			buildConfigurations = (
				8C90B63424E5BD2900FCB750 /* Debug */,
				8C90B63524E5BD2900FCB750 /* Release */,
			);
			defaultConfigurationIsVisible = 0;
			defaultConfigurationName = Release;
		};
		8C90B63624E5BD2900FCB750 /* Build configuration list for PBXNativeTarget "TeslaCharts" */ = {
			isa = XCConfigurationList;
			buildConfigurations = (
				8C90B63724E5BD2900FCB750 /* Debug */,
				8C90B63824E5BD2900FCB750 /* Release */,
			);
			defaultConfigurationIsVisible = 0;
			defaultConfigurationName = Release;
		};
		8C90B63924E5BD2900FCB750 /* Build configuration list for PBXNativeTarget "TeslaChartsTests" */ = {
			isa = XCConfigurationList;
			buildConfigurations = (
				8C90B63A24E5BD2900FCB750 /* Debug */,
				8C90B63B24E5BD2900FCB750 /* Release */,
			);
			defaultConfigurationIsVisible = 0;
			defaultConfigurationName = Release;
		};
		8C90B63C24E5BD2900FCB750 /* Build configuration list for PBXNativeTarget "TeslaChartsUITests" */ = {
			isa = XCConfigurationList;
			buildConfigurations = (
				8C90B63D24E5BD2900FCB750 /* Debug */,
				8C90B63E24E5BD2900FCB750 /* Release */,
			);
			defaultConfigurationIsVisible = 0;
			defaultConfigurationName = Release;
		};
/* End XCConfigurationList section */
	};
	rootObject = 8C90B60424E5BD2600FCB750 /* Project object */;
}
